// !$*UTF8*$!
{
	archiveVersion = 1;
	classes = {
	};
	objectVersion = 46;
	objects = {

/* Begin PBXBuildFile section */
		907A630C1E072FD10078B719 /* cdhash.c in Sources */ = {isa = PBXBuildFile; fileRef = 907A62F81E072FD10078B719 /* cdhash.c */; };
		907A630D1E072FD10078B719 /* disable_protections.c in Sources */ = {isa = PBXBuildFile; fileRef = 907A62FA1E072FD10078B719 /* disable_protections.c */; };
		907A630E1E072FD10078B719 /* drop_payload.c in Sources */ = {isa = PBXBuildFile; fileRef = 907A62FC1E072FD10078B719 /* drop_payload.c */; };
		907A630F1E072FD10078B719 /* jailbreak.c in Sources */ = {isa = PBXBuildFile; fileRef = 907A62FE1E072FD10078B719 /* jailbreak.c */; };
		907A63101E072FD10078B719 /* kernel_memory_helpers.c in Sources */ = {isa = PBXBuildFile; fileRef = 907A62FF1E072FD10078B719 /* kernel_memory_helpers.c */; };
		907A63111E072FD10078B719 /* kernel_sploit.c in Sources */ = {isa = PBXBuildFile; fileRef = 907A63011E072FD10078B719 /* kernel_sploit.c */; };
		907A63121E072FD10078B719 /* offsets.c in Sources */ = {isa = PBXBuildFile; fileRef = 907A63041E072FD10078B719 /* offsets.c */; };
		907A63131E072FD10078B719 /* patch_amfid.c in Sources */ = {isa = PBXBuildFile; fileRef = 907A63061E072FD10078B719 /* patch_amfid.c */; };
		907A63141E072FD10078B719 /* sandbox_escape.c in Sources */ = {isa = PBXBuildFile; fileRef = 907A63081E072FD10078B719 /* sandbox_escape.c */; };
		907A63151E072FD10078B719 /* unsandboxer.c in Sources */ = {isa = PBXBuildFile; fileRef = 907A630A1E072FD10078B719 /* unsandboxer.c */; };
		9CA3627F1E05E922009925BC /* AppDelegate.swift in Sources */ = {isa = PBXBuildFile; fileRef = 9CA3627E1E05E922009925BC /* AppDelegate.swift */; };
		9CA362811E05E922009925BC /* ViewController.swift in Sources */ = {isa = PBXBuildFile; fileRef = 9CA362801E05E922009925BC /* ViewController.swift */; };
		9CA362841E05E922009925BC /* Main.storyboard in Resources */ = {isa = PBXBuildFile; fileRef = 9CA362821E05E922009925BC /* Main.storyboard */; };
		9CA362861E05E922009925BC /* Assets.xcassets in Resources */ = {isa = PBXBuildFile; fileRef = 9CA362851E05E922009925BC /* Assets.xcassets */; };
		9CA362891E05E922009925BC /* LaunchScreen.storyboard in Resources */ = {isa = PBXBuildFile; fileRef = 9CA362871E05E922009925BC /* LaunchScreen.storyboard */; };
		9CA362911E061FD6009925BC /* ConsoleView.swift in Sources */ = {isa = PBXBuildFile; fileRef = 9CA362901E061FD6009925BC /* ConsoleView.swift */; };
/* End PBXBuildFile section */

/* Begin PBXFileReference section */
		907A62F81E072FD10078B719 /* cdhash.c */ = {isa = PBXFileReference; fileEncoding = 4; lastKnownFileType = sourcecode.c.c; path = cdhash.c; sourceTree = "<group>"; };
		907A62F91E072FD10078B719 /* cdhash.h */ = {isa = PBXFileReference; fileEncoding = 4; lastKnownFileType = sourcecode.c.h; path = cdhash.h; sourceTree = "<group>"; };
		907A62FA1E072FD10078B719 /* disable_protections.c */ = {isa = PBXFileReference; fileEncoding = 4; lastKnownFileType = sourcecode.c.c; path = disable_protections.c; sourceTree = "<group>"; };
		907A62FB1E072FD10078B719 /* disable_protections.h */ = {isa = PBXFileReference; fileEncoding = 4; lastKnownFileType = sourcecode.c.h; path = disable_protections.h; sourceTree = "<group>"; };
		907A62FC1E072FD10078B719 /* drop_payload.c */ = {isa = PBXFileReference; fileEncoding = 4; lastKnownFileType = sourcecode.c.c; path = drop_payload.c; sourceTree = "<group>"; };
		907A62FD1E072FD10078B719 /* drop_payload.h */ = {isa = PBXFileReference; fileEncoding = 4; lastKnownFileType = sourcecode.c.h; path = drop_payload.h; sourceTree = "<group>"; };
		907A62FE1E072FD10078B719 /* jailbreak.c */ = {isa = PBXFileReference; fileEncoding = 4; lastKnownFileType = sourcecode.c.c; path = jailbreak.c; sourceTree = "<group>"; };
		907A62FF1E072FD10078B719 /* kernel_memory_helpers.c */ = {isa = PBXFileReference; fileEncoding = 4; lastKnownFileType = sourcecode.c.c; path = kernel_memory_helpers.c; sourceTree = "<group>"; };
		907A63001E072FD10078B719 /* kernel_memory_helpers.h */ = {isa = PBXFileReference; fileEncoding = 4; lastKnownFileType = sourcecode.c.h; path = kernel_memory_helpers.h; sourceTree = "<group>"; };
		907A63011E072FD10078B719 /* kernel_sploit.c */ = {isa = PBXFileReference; fileEncoding = 4; lastKnownFileType = sourcecode.c.c; path = kernel_sploit.c; sourceTree = "<group>"; };
		907A63021E072FD10078B719 /* kernel_sploit.h */ = {isa = PBXFileReference; fileEncoding = 4; lastKnownFileType = sourcecode.c.h; path = kernel_sploit.h; sourceTree = "<group>"; };
		907A63031E072FD10078B719 /* mach_portal-Bridging-Header.h */ = {isa = PBXFileReference; fileEncoding = 4; lastKnownFileType = sourcecode.c.h; path = "mach_portal-Bridging-Header.h"; sourceTree = "<group>"; };
		907A63041E072FD10078B719 /* offsets.c */ = {isa = PBXFileReference; fileEncoding = 4; lastKnownFileType = sourcecode.c.c; path = offsets.c; sourceTree = "<group>"; };
		907A63051E072FD10078B719 /* offsets.h */ = {isa = PBXFileReference; fileEncoding = 4; lastKnownFileType = sourcecode.c.h; path = offsets.h; sourceTree = "<group>"; };
		907A63061E072FD10078B719 /* patch_amfid.c */ = {isa = PBXFileReference; fileEncoding = 4; lastKnownFileType = sourcecode.c.c; path = patch_amfid.c; sourceTree = "<group>"; };
		907A63071E072FD10078B719 /* patch_amfid.h */ = {isa = PBXFileReference; fileEncoding = 4; lastKnownFileType = sourcecode.c.h; path = patch_amfid.h; sourceTree = "<group>"; };
		907A63081E072FD10078B719 /* sandbox_escape.c */ = {isa = PBXFileReference; fileEncoding = 4; lastKnownFileType = sourcecode.c.c; path = sandbox_escape.c; sourceTree = "<group>"; };
		907A63091E072FD10078B719 /* sandbox_escape.h */ = {isa = PBXFileReference; fileEncoding = 4; lastKnownFileType = sourcecode.c.h; path = sandbox_escape.h; sourceTree = "<group>"; };
		907A630A1E072FD10078B719 /* unsandboxer.c */ = {isa = PBXFileReference; fileEncoding = 4; lastKnownFileType = sourcecode.c.c; path = unsandboxer.c; sourceTree = "<group>"; };
		907A630B1E072FD10078B719 /* unsandboxer.h */ = {isa = PBXFileReference; fileEncoding = 4; lastKnownFileType = sourcecode.c.h; path = unsandboxer.h; sourceTree = "<group>"; };
		907A63161E0731B40078B719 /* netcat-client.entitlements */ = {isa = PBXFileReference; lastKnownFileType = text.plist.entitlements; path = "netcat-client.entitlements"; sourceTree = "<group>"; };
		9CA3627B1E05E922009925BC /* netcat-client.app */ = {isa = PBXFileReference; explicitFileType = wrapper.application; includeInIndex = 0; path = "netcat-client.app"; sourceTree = BUILT_PRODUCTS_DIR; };
		9CA3627E1E05E922009925BC /* AppDelegate.swift */ = {isa = PBXFileReference; lastKnownFileType = sourcecode.swift; path = AppDelegate.swift; sourceTree = "<group>"; };
		9CA362801E05E922009925BC /* ViewController.swift */ = {isa = PBXFileReference; lastKnownFileType = sourcecode.swift; path = ViewController.swift; sourceTree = "<group>"; };
		9CA362831E05E922009925BC /* Base */ = {isa = PBXFileReference; lastKnownFileType = file.storyboard; name = Base; path = Base.lproj/Main.storyboard; sourceTree = "<group>"; };
		9CA362851E05E922009925BC /* Assets.xcassets */ = {isa = PBXFileReference; lastKnownFileType = folder.assetcatalog; path = Assets.xcassets; sourceTree = "<group>"; };
		9CA362881E05E922009925BC /* Base */ = {isa = PBXFileReference; lastKnownFileType = file.storyboard; name = Base; path = Base.lproj/LaunchScreen.storyboard; sourceTree = "<group>"; };
		9CA3628A1E05E922009925BC /* Info.plist */ = {isa = PBXFileReference; lastKnownFileType = text.plist.xml; path = Info.plist; sourceTree = "<group>"; };
		9CA362901E061FD6009925BC /* ConsoleView.swift */ = {isa = PBXFileReference; fileEncoding = 4; lastKnownFileType = sourcecode.swift; path = ConsoleView.swift; sourceTree = "<group>"; };
/* End PBXFileReference section */

/* Begin PBXFrameworksBuildPhase section */
		9CA362781E05E922009925BC /* Frameworks */ = {
			isa = PBXFrameworksBuildPhase;
			buildActionMask = 2147483647;
			files = (
			);
			runOnlyForDeploymentPostprocessing = 0;
		};
/* End PBXFrameworksBuildPhase section */

/* Begin PBXGroup section */
		907A62F71E072FD10078B719 /* jailbreak_data */ = {
			isa = PBXGroup;
			children = (
				907A62F81E072FD10078B719 /* cdhash.c */,
				907A62F91E072FD10078B719 /* cdhash.h */,
				907A62FA1E072FD10078B719 /* disable_protections.c */,
				907A62FB1E072FD10078B719 /* disable_protections.h */,
				907A62FC1E072FD10078B719 /* drop_payload.c */,
				907A62FD1E072FD10078B719 /* drop_payload.h */,
				907A62FE1E072FD10078B719 /* jailbreak.c */,
				907A62FF1E072FD10078B719 /* kernel_memory_helpers.c */,
				907A63001E072FD10078B719 /* kernel_memory_helpers.h */,
				907A63011E072FD10078B719 /* kernel_sploit.c */,
				907A63021E072FD10078B719 /* kernel_sploit.h */,
				907A63031E072FD10078B719 /* mach_portal-Bridging-Header.h */,
				907A63041E072FD10078B719 /* offsets.c */,
				907A63051E072FD10078B719 /* offsets.h */,
				907A63061E072FD10078B719 /* patch_amfid.c */,
				907A63071E072FD10078B719 /* patch_amfid.h */,
				907A63081E072FD10078B719 /* sandbox_escape.c */,
				907A63091E072FD10078B719 /* sandbox_escape.h */,
				907A630A1E072FD10078B719 /* unsandboxer.c */,
				907A630B1E072FD10078B719 /* unsandboxer.h */,
			);
			path = jailbreak_data;
			sourceTree = "<group>";
		};
		9CA362721E05E922009925BC = {
			isa = PBXGroup;
			children = (
				9CA3627D1E05E922009925BC /* netcat-client */,
				9CA3627C1E05E922009925BC /* Products */,
			);
			sourceTree = "<group>";
		};
		9CA3627C1E05E922009925BC /* Products */ = {
			isa = PBXGroup;
			children = (
				9CA3627B1E05E922009925BC /* netcat-client.app */,
			);
			name = Products;
			sourceTree = "<group>";
		};
		9CA3627D1E05E922009925BC /* netcat-client */ = {
			isa = PBXGroup;
			children = (
				907A63161E0731B40078B719 /* netcat-client.entitlements */,
				9CA3627E1E05E922009925BC /* AppDelegate.swift */,
				9CA362801E05E922009925BC /* ViewController.swift */,
				9CA362821E05E922009925BC /* Main.storyboard */,
				9CA362851E05E922009925BC /* Assets.xcassets */,
				9CA362871E05E922009925BC /* LaunchScreen.storyboard */,
				9CA3628A1E05E922009925BC /* Info.plist */,
				907A62F71E072FD10078B719 /* jailbreak_data */,
				9CA362901E061FD6009925BC /* ConsoleView.swift */,
			);
			path = "netcat-client";
			sourceTree = "<group>";
		};
/* End PBXGroup section */

/* Begin PBXNativeTarget section */
		9CA3627A1E05E922009925BC /* netcat-client */ = {
			isa = PBXNativeTarget;
			buildConfigurationList = 9CA3628D1E05E922009925BC /* Build configuration list for PBXNativeTarget "netcat-client" */;
			buildPhases = (
				9CA362771E05E922009925BC /* Sources */,
				9CA362781E05E922009925BC /* Frameworks */,
				9CA362791E05E922009925BC /* Resources */,
			);
			buildRules = (
			);
			dependencies = (
			);
			name = "netcat-client";
			productName = "netcat-client";
			productReference = 9CA3627B1E05E922009925BC /* netcat-client.app */;
			productType = "com.apple.product-type.application";
		};
/* End PBXNativeTarget section */

/* Begin PBXProject section */
		9CA362731E05E922009925BC /* Project object */ = {
			isa = PBXProject;
			attributes = {
				LastSwiftUpdateCheck = 0820;
				LastUpgradeCheck = 0820;
				ORGANIZATIONNAME = vgmoose;
				TargetAttributes = {
					9CA3627A1E05E922009925BC = {
						CreatedOnToolsVersion = 8.2;
						DevelopmentTeam = P928J8LN6U;
						ProvisioningStyle = Automatic;
						SystemCapabilities = {
							com.apple.ApplicationGroups.iOS = {
								enabled = 1;
							};
						};
					};
				};
			};
			buildConfigurationList = 9CA362761E05E922009925BC /* Build configuration list for PBXProject "netcat-client" */;
			compatibilityVersion = "Xcode 3.2";
			developmentRegion = English;
			hasScannedForEncodings = 0;
			knownRegions = (
				en,
				Base,
			);
			mainGroup = 9CA362721E05E922009925BC;
			productRefGroup = 9CA3627C1E05E922009925BC /* Products */;
			projectDirPath = "";
			projectRoot = "";
			targets = (
				9CA3627A1E05E922009925BC /* netcat-client */,
			);
		};
/* End PBXProject section */

/* Begin PBXResourcesBuildPhase section */
		9CA362791E05E922009925BC /* Resources */ = {
			isa = PBXResourcesBuildPhase;
			buildActionMask = 2147483647;
			files = (
				9CA362891E05E922009925BC /* LaunchScreen.storyboard in Resources */,
				9CA362861E05E922009925BC /* Assets.xcassets in Resources */,
				9CA362841E05E922009925BC /* Main.storyboard in Resources */,
			);
			runOnlyForDeploymentPostprocessing = 0;
		};
/* End PBXResourcesBuildPhase section */

/* Begin PBXSourcesBuildPhase section */
		9CA362771E05E922009925BC /* Sources */ = {
			isa = PBXSourcesBuildPhase;
			buildActionMask = 2147483647;
			files = (
				907A63121E072FD10078B719 /* offsets.c in Sources */,
				907A630C1E072FD10078B719 /* cdhash.c in Sources */,
				907A630E1E072FD10078B719 /* drop_payload.c in Sources */,
				907A630D1E072FD10078B719 /* disable_protections.c in Sources */,
				907A63141E072FD10078B719 /* sandbox_escape.c in Sources */,
				907A63101E072FD10078B719 /* kernel_memory_helpers.c in Sources */,
				9CA362811E05E922009925BC /* ViewController.swift in Sources */,
				9CA362911E061FD6009925BC /* ConsoleView.swift in Sources */,
				907A63151E072FD10078B719 /* unsandboxer.c in Sources */,
				907A63131E072FD10078B719 /* patch_amfid.c in Sources */,
				907A63111E072FD10078B719 /* kernel_sploit.c in Sources */,
				907A630F1E072FD10078B719 /* jailbreak.c in Sources */,
				9CA3627F1E05E922009925BC /* AppDelegate.swift in Sources */,
			);
			runOnlyForDeploymentPostprocessing = 0;
		};
/* End PBXSourcesBuildPhase section */

/* Begin PBXVariantGroup section */
		9CA362821E05E922009925BC /* Main.storyboard */ = {
			isa = PBXVariantGroup;
			children = (
				9CA362831E05E922009925BC /* Base */,
			);
			name = Main.storyboard;
			sourceTree = "<group>";
		};
		9CA362871E05E922009925BC /* LaunchScreen.storyboard */ = {
			isa = PBXVariantGroup;
			children = (
				9CA362881E05E922009925BC /* Base */,
			);
			name = LaunchScreen.storyboard;
			sourceTree = "<group>";
		};
/* End PBXVariantGroup section */

/* Begin XCBuildConfiguration section */
		9CA3628B1E05E922009925BC /* Debug */ = {
			isa = XCBuildConfiguration;
			buildSettings = {
				ALWAYS_SEARCH_USER_PATHS = NO;
				CLANG_ANALYZER_NONNULL = YES;
				CLANG_CXX_LANGUAGE_STANDARD = "gnu++0x";
				CLANG_CXX_LIBRARY = "libc++";
				CLANG_ENABLE_MODULES = YES;
				CLANG_ENABLE_OBJC_ARC = YES;
				CLANG_WARN_BOOL_CONVERSION = YES;
				CLANG_WARN_CONSTANT_CONVERSION = YES;
				CLANG_WARN_DIRECT_OBJC_ISA_USAGE = YES_ERROR;
				CLANG_WARN_DOCUMENTATION_COMMENTS = YES;
				CLANG_WARN_EMPTY_BODY = YES;
				CLANG_WARN_ENUM_CONVERSION = YES;
				CLANG_WARN_INFINITE_RECURSION = YES;
				CLANG_WARN_INT_CONVERSION = YES;
				CLANG_WARN_OBJC_ROOT_CLASS = YES_ERROR;
				CLANG_WARN_SUSPICIOUS_MOVE = YES;
				CLANG_WARN_UNREACHABLE_CODE = YES;
				CLANG_WARN__DUPLICATE_METHOD_MATCH = YES;
				"CODE_SIGN_IDENTITY[sdk=iphoneos*]" = "iPhone Developer";
				COPY_PHASE_STRIP = NO;
				DEBUG_INFORMATION_FORMAT = dwarf;
				ENABLE_STRICT_OBJC_MSGSEND = YES;
				ENABLE_TESTABILITY = YES;
				GCC_C_LANGUAGE_STANDARD = gnu99;
				GCC_DYNAMIC_NO_PIC = NO;
				GCC_NO_COMMON_BLOCKS = YES;
				GCC_OPTIMIZATION_LEVEL = 0;
				GCC_PREPROCESSOR_DEFINITIONS = (
					"DEBUG=1",
					"$(inherited)",
				);
				GCC_WARN_64_TO_32_BIT_CONVERSION = YES;
				GCC_WARN_ABOUT_RETURN_TYPE = YES_ERROR;
				GCC_WARN_UNDECLARED_SELECTOR = YES;
				GCC_WARN_UNINITIALIZED_AUTOS = YES_AGGRESSIVE;
				GCC_WARN_UNUSED_FUNCTION = YES;
				GCC_WARN_UNUSED_VARIABLE = YES;
				IPHONEOS_DEPLOYMENT_TARGET = 10.2;
				MTL_ENABLE_DEBUG_INFO = YES;
				ONLY_ACTIVE_ARCH = YES;
				SDKROOT = iphoneos;
				SWIFT_ACTIVE_COMPILATION_CONDITIONS = DEBUG;
				SWIFT_OPTIMIZATION_LEVEL = "-Onone";
				TARGETED_DEVICE_FAMILY = "1,2";
			};
			name = Debug;
		};
		9CA3628C1E05E922009925BC /* Release */ = {
			isa = XCBuildConfiguration;
			buildSettings = {
				ALWAYS_SEARCH_USER_PATHS = NO;
				CLANG_ANALYZER_NONNULL = YES;
				CLANG_CXX_LANGUAGE_STANDARD = "gnu++0x";
				CLANG_CXX_LIBRARY = "libc++";
				CLANG_ENABLE_MODULES = YES;
				CLANG_ENABLE_OBJC_ARC = YES;
				CLANG_WARN_BOOL_CONVERSION = YES;
				CLANG_WARN_CONSTANT_CONVERSION = YES;
				CLANG_WARN_DIRECT_OBJC_ISA_USAGE = YES_ERROR;
				CLANG_WARN_DOCUMENTATION_COMMENTS = YES;
				CLANG_WARN_EMPTY_BODY = YES;
				CLANG_WARN_ENUM_CONVERSION = YES;
				CLANG_WARN_INFINITE_RECURSION = YES;
				CLANG_WARN_INT_CONVERSION = YES;
				CLANG_WARN_OBJC_ROOT_CLASS = YES_ERROR;
				CLANG_WARN_SUSPICIOUS_MOVE = YES;
				CLANG_WARN_UNREACHABLE_CODE = YES;
				CLANG_WARN__DUPLICATE_METHOD_MATCH = YES;
				"CODE_SIGN_IDENTITY[sdk=iphoneos*]" = "iPhone Developer";
				COPY_PHASE_STRIP = NO;
				DEBUG_INFORMATION_FORMAT = "dwarf-with-dsym";
				ENABLE_NS_ASSERTIONS = NO;
				ENABLE_STRICT_OBJC_MSGSEND = YES;
				GCC_C_LANGUAGE_STANDARD = gnu99;
				GCC_NO_COMMON_BLOCKS = YES;
				GCC_WARN_64_TO_32_BIT_CONVERSION = YES;
				GCC_WARN_ABOUT_RETURN_TYPE = YES_ERROR;
				GCC_WARN_UNDECLARED_SELECTOR = YES;
				GCC_WARN_UNINITIALIZED_AUTOS = YES_AGGRESSIVE;
				GCC_WARN_UNUSED_FUNCTION = YES;
				GCC_WARN_UNUSED_VARIABLE = YES;
				IPHONEOS_DEPLOYMENT_TARGET = 10.2;
				MTL_ENABLE_DEBUG_INFO = NO;
				SDKROOT = iphoneos;
				SWIFT_OPTIMIZATION_LEVEL = "-Owholemodule";
				TARGETED_DEVICE_FAMILY = "1,2";
				VALIDATE_PRODUCT = YES;
			};
			name = Release;
		};
		9CA3628E1E05E922009925BC /* Debug */ = {
			isa = XCBuildConfiguration;
			buildSettings = {
				ASSETCATALOG_COMPILER_APPICON_NAME = AppIcon;
				CODE_SIGN_ENTITLEMENTS = "netcat-client/netcat-client.entitlements";
				DEVELOPMENT_TEAM = P928J8LN6U;
				INFOPLIST_FILE = "netcat-client/Info.plist";
				IPHONEOS_DEPLOYMENT_TARGET = 8.0;
				LD_RUNPATH_SEARCH_PATHS = "$(inherited) @executable_path/Frameworks";
				"OTHER_LDFLAGS[arch=*]" = (
					"-framework",
					IOKit,
				);
				PRODUCT_BUNDLE_IDENTIFIER = "com.i4shivam.netcat-client";
				PRODUCT_NAME = "$(TARGET_NAME)";
				SWIFT_OBJC_BRIDGING_HEADER = "netcat-client/jailbreak_data/mach_portal-Bridging-Header.h";
				SWIFT_VERSION = 3.0;
			};
			name = Debug;
		};
		9CA3628F1E05E922009925BC /* Release */ = {
			isa = XCBuildConfiguration;
			buildSettings = {
				ASSETCATALOG_COMPILER_APPICON_NAME = AppIcon;
				CODE_SIGN_ENTITLEMENTS = "netcat-client/netcat-client.entitlements";
				DEVELOPMENT_TEAM = P928J8LN6U;
				INFOPLIST_FILE = "netcat-client/Info.plist";
				IPHONEOS_DEPLOYMENT_TARGET = 8.0;
				LD_RUNPATH_SEARCH_PATHS = "$(inherited) @executable_path/Frameworks";
				"OTHER_LDFLAGS[arch=*]" = (
					"-framework",
					IOKit,
				);
				PRODUCT_BUNDLE_IDENTIFIER = "com.i4shivam.netcat-client";
				PRODUCT_NAME = "$(TARGET_NAME)";
				SWIFT_OBJC_BRIDGING_HEADER = "netcat-client/jailbreak_data/mach_portal-Bridging-Header.h";
				SWIFT_VERSION = 3.0;
			};
			name = Release;
		};
/* End XCBuildConfiguration section */

/* Begin XCConfigurationList section */
		9CA362761E05E922009925BC /* Build configuration list for PBXProject "netcat-client" */ = {
			isa = XCConfigurationList;
			buildConfigurations = (
				9CA3628B1E05E922009925BC /* Debug */,
				9CA3628C1E05E922009925BC /* Release */,
			);
			defaultConfigurationIsVisible = 0;
			defaultConfigurationName = Release;
		};
		9CA3628D1E05E922009925BC /* Build configuration list for PBXNativeTarget "netcat-client" */ = {
			isa = XCConfigurationList;
			buildConfigurations = (
				9CA3628E1E05E922009925BC /* Debug */,
				9CA3628F1E05E922009925BC /* Release */,
			);
			defaultConfigurationIsVisible = 0;
			defaultConfigurationName = Release;
		};
/* End XCConfigurationList section */
	};
	rootObject = 9CA362731E05E922009925BC /* Project object */;
}
